
Microsoft Visual Studio Solution File, Format Version 12.00
# Visual Studio Version 17
VisualStudioVersion = 17.0.31903.59
MinimumVisualStudioVersion = 10.0.40219.1
Project("{9A19103F-16F7-4668-BE54-9A1E7A4F7556}") = "Core", "Core\Core.csproj", "{756460A4-BD5F-4046-9F5F-68361FD04216}"
EndProject
Project("{9A19103F-16F7-4668-BE54-9A1E7A4F7556}") = "Core.ApiResponses", "Core.ApiResponses\Core.ApiResponses.csproj", "{F184F590-3C4F-4656-817F-5744116B2F99}"
EndProject
Project("{2150E333-8FDC-42A3-9474-1A3956D46DE8}") = "Shared", "Shared", "{CD961B6C-289F-4733-ABC0-BF49FB3E0AD9}"
EndProject
Project("{2150E333-8FDC-42A3-9474-1A3956D46DE8}") = "Services", "Services", "{34F211EF-4C35-4DD6-90AD-F5DA514A6E31}"
EndProject
Project("{2150E333-8FDC-42A3-9474-1A3956D46DE8}") = "Web", "Web", "{4C4F3014-6535-47D8-9323-6A4A3E4FEF40}"
EndProject
Project("{2150E333-8FDC-42A3-9474-1A3956D46DE8}") = "Tests", "Tests", "{BCBC8128-473B-446A-A9B2-1EA82C478591}"
EndProject
Project("{2150E333-8FDC-42A3-9474-1A3956D46DE8}") = "unit", "unit", "{521B7B3B-A7AE-4964-A98B-EC438A658ED0}"
EndProject
Project("{2150E333-8FDC-42A3-9474-1A3956D46DE8}") = "integrations", "integrations", "{8EEB8AA5-5EF6-4A6E-93F3-363579E9C73B}"
EndProject
Project("{9A19103F-16F7-4668-BE54-9A1E7A4F7556}") = "Core.DbModels", "Core.DbModels\Core.DbModels.csproj", "{32219865-FAD3-4080-B32B-3025F2CB6154}"
EndProject
Project("{9A19103F-16F7-4668-BE54-9A1E7A4F7556}") = "Core.Repositories", "Core.Repositories\Core.Repositories.csproj", "{3C5814B9-4A43-48C1-BD73-CB435F5A3C11}"
EndProject
Project("{9A19103F-16F7-4668-BE54-9A1E7A4F7556}") = "Core.IdentityService", "Core.IdentityService\Core.IdentityService.csproj", "{E219ECDF-AD78-47F3-959A-1F3ADE81569D}"
EndProject
Project("{9A19103F-16F7-4668-BE54-9A1E7A4F7556}") = "Core.CryptService", "Core.CryptService\Core.CryptService.csproj", "{897708F8-0E34-4DA4-B2B5-A798585C3B8D}"
EndProject
Project("{9A19103F-16F7-4668-BE54-9A1E7A4F7556}") = "Core.ApiRequests", "Core.ApiRequests\Core.ApiRequests.csproj", "{9F4E1BAF-A8BD-455E-B8E3-820338D4AF94}"
EndProject
Project("{9A19103F-16F7-4668-BE54-9A1E7A4F7556}") = "Core.IdentityServices.Tests", "Core.IdentityServices.Tests\Core.IdentityServices.Tests.csproj", "{3940983A-CF88-4DDF-9B17-197D333B8FFA}"
EndProject
Project("{FAE04EC0-301F-11D3-BF4B-00C04F79EFBC}") = "Core.CacheServices", "Core.CacheServices\Core.CacheServices.csproj", "{16DB2F90-7E33-4DFC-BCEE-8FE163855D4C}"
EndProject
Global
	GlobalSection(SolutionConfigurationPlatforms) = preSolution
		Debug|Any CPU = Debug|Any CPU
		Release|Any CPU = Release|Any CPU
		Test|Any CPU = Test|Any CPU
	EndGlobalSection
	GlobalSection(ProjectConfigurationPlatforms) = postSolution
		{756460A4-BD5F-4046-9F5F-68361FD04216}.Debug|Any CPU.ActiveCfg = Debug|Any CPU
		{756460A4-BD5F-4046-9F5F-68361FD04216}.Debug|Any CPU.Build.0 = Debug|Any CPU
		{756460A4-BD5F-4046-9F5F-68361FD04216}.Release|Any CPU.ActiveCfg = Release|Any CPU
		{756460A4-BD5F-4046-9F5F-68361FD04216}.Release|Any CPU.Build.0 = Release|Any CPU
		{756460A4-BD5F-4046-9F5F-68361FD04216}.Test|Any CPU.ActiveCfg = Test|Any CPU
		{756460A4-BD5F-4046-9F5F-68361FD04216}.Test|Any CPU.Build.0 = Test|Any CPU
		{F184F590-3C4F-4656-817F-5744116B2F99}.Debug|Any CPU.ActiveCfg = Debug|Any CPU
		{F184F590-3C4F-4656-817F-5744116B2F99}.Debug|Any CPU.Build.0 = Debug|Any CPU
		{F184F590-3C4F-4656-817F-5744116B2F99}.Release|Any CPU.ActiveCfg = Release|Any CPU
		{F184F590-3C4F-4656-817F-5744116B2F99}.Release|Any CPU.Build.0 = Release|Any CPU
		{F184F590-3C4F-4656-817F-5744116B2F99}.Test|Any CPU.ActiveCfg = Test|Any CPU
		{F184F590-3C4F-4656-817F-5744116B2F99}.Test|Any CPU.Build.0 = Test|Any CPU
		{32219865-FAD3-4080-B32B-3025F2CB6154}.Debug|Any CPU.ActiveCfg = Debug|Any CPU
		{32219865-FAD3-4080-B32B-3025F2CB6154}.Debug|Any CPU.Build.0 = Debug|Any CPU
		{32219865-FAD3-4080-B32B-3025F2CB6154}.Release|Any CPU.ActiveCfg = Release|Any CPU
		{32219865-FAD3-4080-B32B-3025F2CB6154}.Release|Any CPU.Build.0 = Release|Any CPU
		{32219865-FAD3-4080-B32B-3025F2CB6154}.Test|Any CPU.ActiveCfg = Test|Any CPU
		{32219865-FAD3-4080-B32B-3025F2CB6154}.Test|Any CPU.Build.0 = Test|Any CPU
		{3C5814B9-4A43-48C1-BD73-CB435F5A3C11}.Debug|Any CPU.ActiveCfg = Debug|Any CPU
		{3C5814B9-4A43-48C1-BD73-CB435F5A3C11}.Debug|Any CPU.Build.0 = Debug|Any CPU
		{3C5814B9-4A43-48C1-BD73-CB435F5A3C11}.Release|Any CPU.ActiveCfg = Release|Any CPU
		{3C5814B9-4A43-48C1-BD73-CB435F5A3C11}.Release|Any CPU.Build.0 = Release|Any CPU
		{3C5814B9-4A43-48C1-BD73-CB435F5A3C11}.Test|Any CPU.ActiveCfg = Test|Any CPU
		{3C5814B9-4A43-48C1-BD73-CB435F5A3C11}.Test|Any CPU.Build.0 = Test|Any CPU
		{E219ECDF-AD78-47F3-959A-1F3ADE81569D}.Debug|Any CPU.ActiveCfg = Debug|Any CPU
		{E219ECDF-AD78-47F3-959A-1F3ADE81569D}.Debug|Any CPU.Build.0 = Debug|Any CPU
		{E219ECDF-AD78-47F3-959A-1F3ADE81569D}.Release|Any CPU.ActiveCfg = Release|Any CPU
		{E219ECDF-AD78-47F3-959A-1F3ADE81569D}.Release|Any CPU.Build.0 = Release|Any CPU
		{E219ECDF-AD78-47F3-959A-1F3ADE81569D}.Test|Any CPU.ActiveCfg = Release|Any CPU
		{E219ECDF-AD78-47F3-959A-1F3ADE81569D}.Test|Any CPU.Build.0 = Release|Any CPU
		{897708F8-0E34-4DA4-B2B5-A798585C3B8D}.Debug|Any CPU.ActiveCfg = Debug|Any CPU
		{897708F8-0E34-4DA4-B2B5-A798585C3B8D}.Debug|Any CPU.Build.0 = Debug|Any CPU
		{897708F8-0E34-4DA4-B2B5-A798585C3B8D}.Release|Any CPU.ActiveCfg = Release|Any CPU
		{897708F8-0E34-4DA4-B2B5-A798585C3B8D}.Release|Any CPU.Build.0 = Release|Any CPU
		{897708F8-0E34-4DA4-B2B5-A798585C3B8D}.Test|Any CPU.ActiveCfg = Release|Any CPU
		{897708F8-0E34-4DA4-B2B5-A798585C3B8D}.Test|Any CPU.Build.0 = Release|Any CPU
		{9F4E1BAF-A8BD-455E-B8E3-820338D4AF94}.Debug|Any CPU.ActiveCfg = Debug|Any CPU
		{9F4E1BAF-A8BD-455E-B8E3-820338D4AF94}.Debug|Any CPU.Build.0 = Debug|Any CPU
		{9F4E1BAF-A8BD-455E-B8E3-820338D4AF94}.Release|Any CPU.ActiveCfg = Release|Any CPU
		{9F4E1BAF-A8BD-455E-B8E3-820338D4AF94}.Release|Any CPU.Build.0 = Release|Any CPU
		{9F4E1BAF-A8BD-455E-B8E3-820338D4AF94}.Test|Any CPU.ActiveCfg = Release|Any CPU
		{9F4E1BAF-A8BD-455E-B8E3-820338D4AF94}.Test|Any CPU.Build.0 = Release|Any CPU
		{3940983A-CF88-4DDF-9B17-197D333B8FFA}.Debug|Any CPU.ActiveCfg = Debug|Any CPU
		{3940983A-CF88-4DDF-9B17-197D333B8FFA}.Debug|Any CPU.Build.0 = Debug|Any CPU
		{3940983A-CF88-4DDF-9B17-197D333B8FFA}.Release|Any CPU.ActiveCfg = Release|Any CPU
		{3940983A-CF88-4DDF-9B17-197D333B8FFA}.Release|Any CPU.Build.0 = Release|Any CPU
		{3940983A-CF88-4DDF-9B17-197D333B8FFA}.Test|Any CPU.ActiveCfg = Release|Any CPU
		{3940983A-CF88-4DDF-9B17-197D333B8FFA}.Test|Any CPU.Build.0 = Release|Any CPU
		{16DB2F90-7E33-4DFC-BCEE-8FE163855D4C}.Debug|Any CPU.ActiveCfg = Debug|Any CPU
		{16DB2F90-7E33-4DFC-BCEE-8FE163855D4C}.Debug|Any CPU.Build.0 = Debug|Any CPU
		{16DB2F90-7E33-4DFC-BCEE-8FE163855D4C}.Release|Any CPU.ActiveCfg = Release|Any CPU
		{16DB2F90-7E33-4DFC-BCEE-8FE163855D4C}.Release|Any CPU.Build.0 = Release|Any CPU
		{16DB2F90-7E33-4DFC-BCEE-8FE163855D4C}.Test|Any CPU.ActiveCfg = Debug|Any CPU
		{16DB2F90-7E33-4DFC-BCEE-8FE163855D4C}.Test|Any CPU.Build.0 = Debug|Any CPU
	EndGlobalSection
	GlobalSection(SolutionProperties) = preSolution
		HideSolutionNode = FALSE
	EndGlobalSection
	GlobalSection(NestedProjects) = preSolution
		{756460A4-BD5F-4046-9F5F-68361FD04216} = {4C4F3014-6535-47D8-9323-6A4A3E4FEF40}
		{F184F590-3C4F-4656-817F-5744116B2F99} = {CD961B6C-289F-4733-ABC0-BF49FB3E0AD9}
		{521B7B3B-A7AE-4964-A98B-EC438A658ED0} = {BCBC8128-473B-446A-A9B2-1EA82C478591}
		{8EEB8AA5-5EF6-4A6E-93F3-363579E9C73B} = {BCBC8128-473B-446A-A9B2-1EA82C478591}
		{32219865-FAD3-4080-B32B-3025F2CB6154} = {CD961B6C-289F-4733-ABC0-BF49FB3E0AD9}
		{3C5814B9-4A43-48C1-BD73-CB435F5A3C11} = {CD961B6C-289F-4733-ABC0-BF49FB3E0AD9}
		{E219ECDF-AD78-47F3-959A-1F3ADE81569D} = {34F211EF-4C35-4DD6-90AD-F5DA514A6E31}
		{897708F8-0E34-4DA4-B2B5-A798585C3B8D} = {34F211EF-4C35-4DD6-90AD-F5DA514A6E31}
		{9F4E1BAF-A8BD-455E-B8E3-820338D4AF94} = {CD961B6C-289F-4733-ABC0-BF49FB3E0AD9}
		{3940983A-CF88-4DDF-9B17-197D333B8FFA} = {521B7B3B-A7AE-4964-A98B-EC438A658ED0}
		{16DB2F90-7E33-4DFC-BCEE-8FE163855D4C} = {34F211EF-4C35-4DD6-90AD-F5DA514A6E31}
	EndGlobalSection
	GlobalSection(ExtensibilityGlobals) = postSolution
		SolutionGuid = {BF8AB1DC-CC17-4EF7-8049-299049906AF4}
	EndGlobalSection
EndGlobal
