
Microsoft Visual Studio Solution File, Format Version 12.00
# Visual Studio Version 17
VisualStudioVersion = 17.0.31903.59
MinimumVisualStudioVersion = 10.0.40219.1
Project("{9A19103F-16F7-4668-BE54-9A1E7A4F7556}") = "Core", "Core\Core.csproj", "{756460A4-BD5F-4046-9F5F-68361FD04216}"
EndProject
Project("{9A19103F-16F7-4668-BE54-9A1E7A4F7556}") = "Core.ApiResponses", "Core.ApiResponses\Core.ApiResponses.csproj", "{F184F590-3C4F-4656-817F-5744116B2F99}"
EndProject
Project("{2150E333-8FDC-42A3-9474-1A3956D46DE8}") = "Shared", "Shared", "{CD961B6C-289F-4733-ABC0-BF49FB3E0AD9}"
EndProject
Project("{2150E333-8FDC-42A3-9474-1A3956D46DE8}") = "Services", "Services", "{34F211EF-4C35-4DD6-90AD-F5DA514A6E31}"
EndProject
Project("{2150E333-8FDC-42A3-9474-1A3956D46DE8}") = "Web", "Web", "{4C4F3014-6535-47D8-9323-6A4A3E4FEF40}"
EndProject
Project("{2150E333-8FDC-42A3-9474-1A3956D46DE8}") = "Tests", "Tests", "{BCBC8128-473B-446A-A9B2-1EA82C478591}"
EndProject
Project("{2150E333-8FDC-42A3-9474-1A3956D46DE8}") = "unit", "unit", "{521B7B3B-A7AE-4964-A98B-EC438A658ED0}"
EndProject
Project("{2150E333-8FDC-42A3-9474-1A3956D46DE8}") = "integrations", "integrations", "{8EEB8AA5-5EF6-4A6E-93F3-363579E9C73B}"
EndProject
Project("{9A19103F-16F7-4668-BE54-9A1E7A4F7556}") = "Core.DbModels", "Core.DbModels\Core.DbModels.csproj", "{32219865-FAD3-4080-B32B-3025F2CB6154}"
EndProject
Project("{9A19103F-16F7-4668-BE54-9A1E7A4F7556}") = "Core.Repositories", "Core.Repositories\Core.Repositories.csproj", "{3C5814B9-4A43-48C1-BD73-CB435F5A3C11}"
EndProject
Project("{9A19103F-16F7-4668-BE54-9A1E7A4F7556}") = "Core.IdentityService", "Core.IdentityService\Core.IdentityService.csproj", "{E219ECDF-AD78-47F3-959A-1F3ADE81569D}"
EndProject
Project("{9A19103F-16F7-4668-BE54-9A1E7A4F7556}") = "Core.CryptService", "Core.CryptService\Core.CryptService.csproj", "{897708F8-0E34-4DA4-B2B5-A798585C3B8D}"
EndProject
Project("{9A19103F-16F7-4668-BE54-9A1E7A4F7556}") = "Core.ApiRequests", "Core.ApiRequests\Core.ApiRequests.csproj", "{9F4E1BAF-A8BD-455E-B8E3-820338D4AF94}"
EndProject
Project("{9A19103F-16F7-4668-BE54-9A1E7A4F7556}") = "Core.Redis", "Core.CacheServices\Core.Redis.csproj", "{16DB2F90-7E33-4DFC-BCEE-8FE163855D4C}"
EndProject
Project("{9A19103F-16F7-4668-BE54-9A1E7A4F7556}") = "Core.Jobs", "Core.Jobs\Core.Jobs.csproj", "{F22B840C-1F07-4CFE-84EF-F544A01092BE}"
EndProject
Project("{2150E333-8FDC-42A3-9474-1A3956D46DE8}") = "Common", "Common", "{CBB987A7-7334-4AF9-BEC3-B6C90402D229}"
EndProject
Project("{9A19103F-16F7-4668-BE54-9A1E7A4F7556}") = "Core.Utils", "Core.Utils\Core.Utils.csproj", "{FC42C484-8DDE-40B5-9C0A-3543986963BE}"
EndProject
Project("{2150E333-8FDC-42A3-9474-1A3956D46DE8}") = "Solution Items", "Solution Items", "{2999555E-CBAC-4FD9-8760-DDFDFCF48E06}"
	ProjectSection(SolutionItems) = preProject
		.editorconfig = .editorconfig
	EndProjectSection
EndProject
Project("{E53339B2-1760-4266-BCC7-CA923CBCF16C}") = "docker-compose", "docker-compose.dcproj", "{5DBAFF3F-5408-4FEF-AC99-0BEACE046368}"
EndProject
Project("{FAE04EC0-301F-11D3-BF4B-00C04F79EFBC}") = "Core.Kafka", "Core.Kafka\Core.Kafka.csproj", "{EE0FEA76-D4DF-4549-B26E-520A13A7A52E}"
EndProject
Project("{FAE04EC0-301F-11D3-BF4B-00C04F79EFBC}") = "Core.SessionServices", "Core.SessionServices\Core.SessionServices.csproj", "{C0F8E802-D123-45BB-BD23-AA0A999DF2F0}"
EndProject
Project("{FAE04EC0-301F-11D3-BF4B-00C04F79EFBC}") = "Core.Sharding", "Core.Sharding\Core.Sharding.csproj", "{966B61B7-D274-4E1B-835C-8105A8746483}"
EndProject
Project("{FAE04EC0-301F-11D3-BF4B-00C04F79EFBC}") = "Core.SearchServices", "Core.SearchServices\Core.SearchServices.csproj", "{C87D2579-605B-43B3-B108-B8603B5D2B99}"
EndProject
Project("{FAE04EC0-301F-11D3-BF4B-00C04F79EFBC}") = "Core.DialogServices", "Core.DialogServices\Core.DialogServices.csproj", "{466008B5-7505-4AF3-9E26-2F07A0217554}"
EndProject
Project("{FAE04EC0-301F-11D3-BF4B-00C04F79EFBC}") = "Core.MessageServices", "Core.MessageServices\Core.MessageServices.csproj", "{7AF6D089-7CC7-485B-87AF-28467EAF0696}"
EndProject
Project("{FAE04EC0-301F-11D3-BF4B-00C04F79EFBC}") = "Core.CryptProtocol", "Core.CryptProtocol\Core.CryptProtocol.csproj", "{262885E4-F20B-4E52-909D-0A1E90A9372E}"
EndProject
Project("{FAE04EC0-301F-11D3-BF4B-00C04F79EFBC}") = "Core.BinarySerializer", "Core.BinarySerializer\Core.BinarySerializer.csproj", "{CE94EF11-A2EF-41F9-AE4E-9556E6DEB07F}"
EndProject
Project("{FAE04EC0-301F-11D3-BF4B-00C04F79EFBC}") = "Core.Serializers.Tests", "Core.Serializers.Tests\Core.Serializers.Tests.csproj", "{152F061C-B4FA-4A21-9468-AA69D3A9AC7B}"
EndProject
Project("{FAE04EC0-301F-11D3-BF4B-00C04F79EFBC}") = "Core.Grpc", "Core.Grpc\Core.Grpc.csproj", "{AB136B13-D1D9-4638-BB18-5E0F685F89F5}"
EndProject
Project("{FAE04EC0-301F-11D3-BF4B-00C04F79EFBC}") = "Core.SenderServices", "Core.SenderServices\Core.SenderServices.csproj", "{84C9FE4E-C1E5-4D65-8241-B20382D08244}"
EndProject
Global
	GlobalSection(SolutionConfigurationPlatforms) = preSolution
		Debug|Any CPU = Debug|Any CPU
		Release|Any CPU = Release|Any CPU
		Test|Any CPU = Test|Any CPU
	EndGlobalSection
	GlobalSection(ProjectConfigurationPlatforms) = postSolution
		{756460A4-BD5F-4046-9F5F-68361FD04216}.Debug|Any CPU.ActiveCfg = Debug|Any CPU
		{756460A4-BD5F-4046-9F5F-68361FD04216}.Debug|Any CPU.Build.0 = Debug|Any CPU
		{756460A4-BD5F-4046-9F5F-68361FD04216}.Release|Any CPU.ActiveCfg = Release|Any CPU
		{756460A4-BD5F-4046-9F5F-68361FD04216}.Release|Any CPU.Build.0 = Release|Any CPU
		{756460A4-BD5F-4046-9F5F-68361FD04216}.Test|Any CPU.ActiveCfg = Test|Any CPU
		{756460A4-BD5F-4046-9F5F-68361FD04216}.Test|Any CPU.Build.0 = Test|Any CPU
		{F184F590-3C4F-4656-817F-5744116B2F99}.Debug|Any CPU.ActiveCfg = Debug|Any CPU
		{F184F590-3C4F-4656-817F-5744116B2F99}.Debug|Any CPU.Build.0 = Debug|Any CPU
		{F184F590-3C4F-4656-817F-5744116B2F99}.Release|Any CPU.ActiveCfg = Release|Any CPU
		{F184F590-3C4F-4656-817F-5744116B2F99}.Release|Any CPU.Build.0 = Release|Any CPU
		{F184F590-3C4F-4656-817F-5744116B2F99}.Test|Any CPU.ActiveCfg = Test|Any CPU
		{F184F590-3C4F-4656-817F-5744116B2F99}.Test|Any CPU.Build.0 = Test|Any CPU
		{32219865-FAD3-4080-B32B-3025F2CB6154}.Debug|Any CPU.ActiveCfg = Debug|Any CPU
		{32219865-FAD3-4080-B32B-3025F2CB6154}.Debug|Any CPU.Build.0 = Debug|Any CPU
		{32219865-FAD3-4080-B32B-3025F2CB6154}.Release|Any CPU.ActiveCfg = Release|Any CPU
		{32219865-FAD3-4080-B32B-3025F2CB6154}.Release|Any CPU.Build.0 = Release|Any CPU
		{32219865-FAD3-4080-B32B-3025F2CB6154}.Test|Any CPU.ActiveCfg = Test|Any CPU
		{32219865-FAD3-4080-B32B-3025F2CB6154}.Test|Any CPU.Build.0 = Test|Any CPU
		{3C5814B9-4A43-48C1-BD73-CB435F5A3C11}.Debug|Any CPU.ActiveCfg = Debug|Any CPU
		{3C5814B9-4A43-48C1-BD73-CB435F5A3C11}.Debug|Any CPU.Build.0 = Debug|Any CPU
		{3C5814B9-4A43-48C1-BD73-CB435F5A3C11}.Release|Any CPU.ActiveCfg = Release|Any CPU
		{3C5814B9-4A43-48C1-BD73-CB435F5A3C11}.Release|Any CPU.Build.0 = Release|Any CPU
		{3C5814B9-4A43-48C1-BD73-CB435F5A3C11}.Test|Any CPU.ActiveCfg = Test|Any CPU
		{3C5814B9-4A43-48C1-BD73-CB435F5A3C11}.Test|Any CPU.Build.0 = Test|Any CPU
		{E219ECDF-AD78-47F3-959A-1F3ADE81569D}.Debug|Any CPU.ActiveCfg = Debug|Any CPU
		{E219ECDF-AD78-47F3-959A-1F3ADE81569D}.Debug|Any CPU.Build.0 = Debug|Any CPU
		{E219ECDF-AD78-47F3-959A-1F3ADE81569D}.Release|Any CPU.ActiveCfg = Release|Any CPU
		{E219ECDF-AD78-47F3-959A-1F3ADE81569D}.Release|Any CPU.Build.0 = Release|Any CPU
		{E219ECDF-AD78-47F3-959A-1F3ADE81569D}.Test|Any CPU.ActiveCfg = Release|Any CPU
		{E219ECDF-AD78-47F3-959A-1F3ADE81569D}.Test|Any CPU.Build.0 = Release|Any CPU
		{897708F8-0E34-4DA4-B2B5-A798585C3B8D}.Debug|Any CPU.ActiveCfg = Debug|Any CPU
		{897708F8-0E34-4DA4-B2B5-A798585C3B8D}.Debug|Any CPU.Build.0 = Debug|Any CPU
		{897708F8-0E34-4DA4-B2B5-A798585C3B8D}.Release|Any CPU.ActiveCfg = Release|Any CPU
		{897708F8-0E34-4DA4-B2B5-A798585C3B8D}.Release|Any CPU.Build.0 = Release|Any CPU
		{897708F8-0E34-4DA4-B2B5-A798585C3B8D}.Test|Any CPU.ActiveCfg = Release|Any CPU
		{897708F8-0E34-4DA4-B2B5-A798585C3B8D}.Test|Any CPU.Build.0 = Release|Any CPU
		{9F4E1BAF-A8BD-455E-B8E3-820338D4AF94}.Debug|Any CPU.ActiveCfg = Debug|Any CPU
		{9F4E1BAF-A8BD-455E-B8E3-820338D4AF94}.Debug|Any CPU.Build.0 = Debug|Any CPU
		{9F4E1BAF-A8BD-455E-B8E3-820338D4AF94}.Release|Any CPU.ActiveCfg = Release|Any CPU
		{9F4E1BAF-A8BD-455E-B8E3-820338D4AF94}.Release|Any CPU.Build.0 = Release|Any CPU
		{9F4E1BAF-A8BD-455E-B8E3-820338D4AF94}.Test|Any CPU.ActiveCfg = Release|Any CPU
		{9F4E1BAF-A8BD-455E-B8E3-820338D4AF94}.Test|Any CPU.Build.0 = Release|Any CPU
		{16DB2F90-7E33-4DFC-BCEE-8FE163855D4C}.Debug|Any CPU.ActiveCfg = Debug|Any CPU
		{16DB2F90-7E33-4DFC-BCEE-8FE163855D4C}.Debug|Any CPU.Build.0 = Debug|Any CPU
		{16DB2F90-7E33-4DFC-BCEE-8FE163855D4C}.Release|Any CPU.ActiveCfg = Release|Any CPU
		{16DB2F90-7E33-4DFC-BCEE-8FE163855D4C}.Release|Any CPU.Build.0 = Release|Any CPU
		{16DB2F90-7E33-4DFC-BCEE-8FE163855D4C}.Test|Any CPU.ActiveCfg = Debug|Any CPU
		{16DB2F90-7E33-4DFC-BCEE-8FE163855D4C}.Test|Any CPU.Build.0 = Debug|Any CPU
		{F22B840C-1F07-4CFE-84EF-F544A01092BE}.Debug|Any CPU.ActiveCfg = Debug|Any CPU
		{F22B840C-1F07-4CFE-84EF-F544A01092BE}.Debug|Any CPU.Build.0 = Debug|Any CPU
		{F22B840C-1F07-4CFE-84EF-F544A01092BE}.Release|Any CPU.ActiveCfg = Release|Any CPU
		{F22B840C-1F07-4CFE-84EF-F544A01092BE}.Release|Any CPU.Build.0 = Release|Any CPU
		{F22B840C-1F07-4CFE-84EF-F544A01092BE}.Test|Any CPU.ActiveCfg = Debug|Any CPU
		{F22B840C-1F07-4CFE-84EF-F544A01092BE}.Test|Any CPU.Build.0 = Debug|Any CPU
		{FC42C484-8DDE-40B5-9C0A-3543986963BE}.Debug|Any CPU.ActiveCfg = Debug|Any CPU
		{FC42C484-8DDE-40B5-9C0A-3543986963BE}.Debug|Any CPU.Build.0 = Debug|Any CPU
		{FC42C484-8DDE-40B5-9C0A-3543986963BE}.Release|Any CPU.ActiveCfg = Release|Any CPU
		{FC42C484-8DDE-40B5-9C0A-3543986963BE}.Release|Any CPU.Build.0 = Release|Any CPU
		{FC42C484-8DDE-40B5-9C0A-3543986963BE}.Test|Any CPU.ActiveCfg = Debug|Any CPU
		{FC42C484-8DDE-40B5-9C0A-3543986963BE}.Test|Any CPU.Build.0 = Debug|Any CPU
		{5DBAFF3F-5408-4FEF-AC99-0BEACE046368}.Debug|Any CPU.ActiveCfg = Debug|Any CPU
		{5DBAFF3F-5408-4FEF-AC99-0BEACE046368}.Debug|Any CPU.Build.0 = Debug|Any CPU
		{5DBAFF3F-5408-4FEF-AC99-0BEACE046368}.Release|Any CPU.ActiveCfg = Release|Any CPU
		{5DBAFF3F-5408-4FEF-AC99-0BEACE046368}.Release|Any CPU.Build.0 = Release|Any CPU
		{5DBAFF3F-5408-4FEF-AC99-0BEACE046368}.Test|Any CPU.ActiveCfg = Release|Any CPU
		{5DBAFF3F-5408-4FEF-AC99-0BEACE046368}.Test|Any CPU.Build.0 = Release|Any CPU
		{EE0FEA76-D4DF-4549-B26E-520A13A7A52E}.Debug|Any CPU.ActiveCfg = Debug|Any CPU
		{EE0FEA76-D4DF-4549-B26E-520A13A7A52E}.Debug|Any CPU.Build.0 = Debug|Any CPU
		{EE0FEA76-D4DF-4549-B26E-520A13A7A52E}.Release|Any CPU.ActiveCfg = Release|Any CPU
		{EE0FEA76-D4DF-4549-B26E-520A13A7A52E}.Release|Any CPU.Build.0 = Release|Any CPU
		{EE0FEA76-D4DF-4549-B26E-520A13A7A52E}.Test|Any CPU.ActiveCfg = Debug|Any CPU
		{EE0FEA76-D4DF-4549-B26E-520A13A7A52E}.Test|Any CPU.Build.0 = Debug|Any CPU
		{C0F8E802-D123-45BB-BD23-AA0A999DF2F0}.Debug|Any CPU.ActiveCfg = Debug|Any CPU
		{C0F8E802-D123-45BB-BD23-AA0A999DF2F0}.Debug|Any CPU.Build.0 = Debug|Any CPU
		{C0F8E802-D123-45BB-BD23-AA0A999DF2F0}.Release|Any CPU.ActiveCfg = Release|Any CPU
		{C0F8E802-D123-45BB-BD23-AA0A999DF2F0}.Release|Any CPU.Build.0 = Release|Any CPU
		{C0F8E802-D123-45BB-BD23-AA0A999DF2F0}.Test|Any CPU.ActiveCfg = Debug|Any CPU
		{C0F8E802-D123-45BB-BD23-AA0A999DF2F0}.Test|Any CPU.Build.0 = Debug|Any CPU
		{966B61B7-D274-4E1B-835C-8105A8746483}.Debug|Any CPU.ActiveCfg = Debug|Any CPU
		{966B61B7-D274-4E1B-835C-8105A8746483}.Debug|Any CPU.Build.0 = Debug|Any CPU
		{966B61B7-D274-4E1B-835C-8105A8746483}.Release|Any CPU.ActiveCfg = Release|Any CPU
		{966B61B7-D274-4E1B-835C-8105A8746483}.Release|Any CPU.Build.0 = Release|Any CPU
		{966B61B7-D274-4E1B-835C-8105A8746483}.Test|Any CPU.ActiveCfg = Debug|Any CPU
		{966B61B7-D274-4E1B-835C-8105A8746483}.Test|Any CPU.Build.0 = Debug|Any CPU
		{C87D2579-605B-43B3-B108-B8603B5D2B99}.Debug|Any CPU.ActiveCfg = Debug|Any CPU
		{C87D2579-605B-43B3-B108-B8603B5D2B99}.Debug|Any CPU.Build.0 = Debug|Any CPU
		{C87D2579-605B-43B3-B108-B8603B5D2B99}.Release|Any CPU.ActiveCfg = Release|Any CPU
		{C87D2579-605B-43B3-B108-B8603B5D2B99}.Release|Any CPU.Build.0 = Release|Any CPU
		{C87D2579-605B-43B3-B108-B8603B5D2B99}.Test|Any CPU.ActiveCfg = Debug|Any CPU
		{C87D2579-605B-43B3-B108-B8603B5D2B99}.Test|Any CPU.Build.0 = Debug|Any CPU
		{466008B5-7505-4AF3-9E26-2F07A0217554}.Debug|Any CPU.ActiveCfg = Debug|Any CPU
		{466008B5-7505-4AF3-9E26-2F07A0217554}.Debug|Any CPU.Build.0 = Debug|Any CPU
		{466008B5-7505-4AF3-9E26-2F07A0217554}.Release|Any CPU.ActiveCfg = Release|Any CPU
		{466008B5-7505-4AF3-9E26-2F07A0217554}.Release|Any CPU.Build.0 = Release|Any CPU
		{466008B5-7505-4AF3-9E26-2F07A0217554}.Test|Any CPU.ActiveCfg = Debug|Any CPU
		{466008B5-7505-4AF3-9E26-2F07A0217554}.Test|Any CPU.Build.0 = Debug|Any CPU
		{7AF6D089-7CC7-485B-87AF-28467EAF0696}.Debug|Any CPU.ActiveCfg = Debug|Any CPU
		{7AF6D089-7CC7-485B-87AF-28467EAF0696}.Debug|Any CPU.Build.0 = Debug|Any CPU
		{7AF6D089-7CC7-485B-87AF-28467EAF0696}.Release|Any CPU.ActiveCfg = Release|Any CPU
		{7AF6D089-7CC7-485B-87AF-28467EAF0696}.Release|Any CPU.Build.0 = Release|Any CPU
		{7AF6D089-7CC7-485B-87AF-28467EAF0696}.Test|Any CPU.ActiveCfg = Debug|Any CPU
		{7AF6D089-7CC7-485B-87AF-28467EAF0696}.Test|Any CPU.Build.0 = Debug|Any CPU
		{262885E4-F20B-4E52-909D-0A1E90A9372E}.Debug|Any CPU.ActiveCfg = Debug|Any CPU
		{262885E4-F20B-4E52-909D-0A1E90A9372E}.Debug|Any CPU.Build.0 = Debug|Any CPU
		{262885E4-F20B-4E52-909D-0A1E90A9372E}.Release|Any CPU.ActiveCfg = Release|Any CPU
		{262885E4-F20B-4E52-909D-0A1E90A9372E}.Release|Any CPU.Build.0 = Release|Any CPU
		{262885E4-F20B-4E52-909D-0A1E90A9372E}.Test|Any CPU.ActiveCfg = Debug|Any CPU
		{262885E4-F20B-4E52-909D-0A1E90A9372E}.Test|Any CPU.Build.0 = Debug|Any CPU
		{CE94EF11-A2EF-41F9-AE4E-9556E6DEB07F}.Debug|Any CPU.ActiveCfg = Debug|Any CPU
		{CE94EF11-A2EF-41F9-AE4E-9556E6DEB07F}.Debug|Any CPU.Build.0 = Debug|Any CPU
		{CE94EF11-A2EF-41F9-AE4E-9556E6DEB07F}.Release|Any CPU.ActiveCfg = Release|Any CPU
		{CE94EF11-A2EF-41F9-AE4E-9556E6DEB07F}.Release|Any CPU.Build.0 = Release|Any CPU
		{CE94EF11-A2EF-41F9-AE4E-9556E6DEB07F}.Test|Any CPU.ActiveCfg = Debug|Any CPU
		{CE94EF11-A2EF-41F9-AE4E-9556E6DEB07F}.Test|Any CPU.Build.0 = Debug|Any CPU
		{152F061C-B4FA-4A21-9468-AA69D3A9AC7B}.Debug|Any CPU.ActiveCfg = Debug|Any CPU
		{152F061C-B4FA-4A21-9468-AA69D3A9AC7B}.Debug|Any CPU.Build.0 = Debug|Any CPU
		{152F061C-B4FA-4A21-9468-AA69D3A9AC7B}.Release|Any CPU.ActiveCfg = Release|Any CPU
		{152F061C-B4FA-4A21-9468-AA69D3A9AC7B}.Release|Any CPU.Build.0 = Release|Any CPU
		{152F061C-B4FA-4A21-9468-AA69D3A9AC7B}.Test|Any CPU.ActiveCfg = Debug|Any CPU
		{152F061C-B4FA-4A21-9468-AA69D3A9AC7B}.Test|Any CPU.Build.0 = Debug|Any CPU
		{AB136B13-D1D9-4638-BB18-5E0F685F89F5}.Debug|Any CPU.ActiveCfg = Debug|Any CPU
		{AB136B13-D1D9-4638-BB18-5E0F685F89F5}.Debug|Any CPU.Build.0 = Debug|Any CPU
		{AB136B13-D1D9-4638-BB18-5E0F685F89F5}.Release|Any CPU.ActiveCfg = Release|Any CPU
		{AB136B13-D1D9-4638-BB18-5E0F685F89F5}.Release|Any CPU.Build.0 = Release|Any CPU
		{AB136B13-D1D9-4638-BB18-5E0F685F89F5}.Test|Any CPU.ActiveCfg = Debug|Any CPU
		{AB136B13-D1D9-4638-BB18-5E0F685F89F5}.Test|Any CPU.Build.0 = Debug|Any CPU
		{84C9FE4E-C1E5-4D65-8241-B20382D08244}.Debug|Any CPU.ActiveCfg = Debug|Any CPU
		{84C9FE4E-C1E5-4D65-8241-B20382D08244}.Debug|Any CPU.Build.0 = Debug|Any CPU
		{84C9FE4E-C1E5-4D65-8241-B20382D08244}.Release|Any CPU.ActiveCfg = Release|Any CPU
		{84C9FE4E-C1E5-4D65-8241-B20382D08244}.Release|Any CPU.Build.0 = Release|Any CPU
		{84C9FE4E-C1E5-4D65-8241-B20382D08244}.Test|Any CPU.ActiveCfg = Debug|Any CPU
		{84C9FE4E-C1E5-4D65-8241-B20382D08244}.Test|Any CPU.Build.0 = Debug|Any CPU
	EndGlobalSection
	GlobalSection(SolutionProperties) = preSolution
		HideSolutionNode = FALSE
	EndGlobalSection
	GlobalSection(NestedProjects) = preSolution
		{756460A4-BD5F-4046-9F5F-68361FD04216} = {4C4F3014-6535-47D8-9323-6A4A3E4FEF40}
		{F184F590-3C4F-4656-817F-5744116B2F99} = {CD961B6C-289F-4733-ABC0-BF49FB3E0AD9}
		{521B7B3B-A7AE-4964-A98B-EC438A658ED0} = {BCBC8128-473B-446A-A9B2-1EA82C478591}
		{8EEB8AA5-5EF6-4A6E-93F3-363579E9C73B} = {BCBC8128-473B-446A-A9B2-1EA82C478591}
		{32219865-FAD3-4080-B32B-3025F2CB6154} = {CD961B6C-289F-4733-ABC0-BF49FB3E0AD9}
		{3C5814B9-4A43-48C1-BD73-CB435F5A3C11} = {CD961B6C-289F-4733-ABC0-BF49FB3E0AD9}
		{E219ECDF-AD78-47F3-959A-1F3ADE81569D} = {34F211EF-4C35-4DD6-90AD-F5DA514A6E31}
		{897708F8-0E34-4DA4-B2B5-A798585C3B8D} = {34F211EF-4C35-4DD6-90AD-F5DA514A6E31}
		{9F4E1BAF-A8BD-455E-B8E3-820338D4AF94} = {CD961B6C-289F-4733-ABC0-BF49FB3E0AD9}
		{16DB2F90-7E33-4DFC-BCEE-8FE163855D4C} = {CD961B6C-289F-4733-ABC0-BF49FB3E0AD9}
		{F22B840C-1F07-4CFE-84EF-F544A01092BE} = {34F211EF-4C35-4DD6-90AD-F5DA514A6E31}
		{FC42C484-8DDE-40B5-9C0A-3543986963BE} = {CBB987A7-7334-4AF9-BEC3-B6C90402D229}
		{EE0FEA76-D4DF-4549-B26E-520A13A7A52E} = {CD961B6C-289F-4733-ABC0-BF49FB3E0AD9}
		{C0F8E802-D123-45BB-BD23-AA0A999DF2F0} = {34F211EF-4C35-4DD6-90AD-F5DA514A6E31}
		{966B61B7-D274-4E1B-835C-8105A8746483} = {CD961B6C-289F-4733-ABC0-BF49FB3E0AD9}
		{C87D2579-605B-43B3-B108-B8603B5D2B99} = {34F211EF-4C35-4DD6-90AD-F5DA514A6E31}
		{466008B5-7505-4AF3-9E26-2F07A0217554} = {34F211EF-4C35-4DD6-90AD-F5DA514A6E31}
		{7AF6D089-7CC7-485B-87AF-28467EAF0696} = {34F211EF-4C35-4DD6-90AD-F5DA514A6E31}
		{262885E4-F20B-4E52-909D-0A1E90A9372E} = {CD961B6C-289F-4733-ABC0-BF49FB3E0AD9}
		{CE94EF11-A2EF-41F9-AE4E-9556E6DEB07F} = {CBB987A7-7334-4AF9-BEC3-B6C90402D229}
		{152F061C-B4FA-4A21-9468-AA69D3A9AC7B} = {521B7B3B-A7AE-4964-A98B-EC438A658ED0}
		{AB136B13-D1D9-4638-BB18-5E0F685F89F5} = {CD961B6C-289F-4733-ABC0-BF49FB3E0AD9}
		{84C9FE4E-C1E5-4D65-8241-B20382D08244} = {34F211EF-4C35-4DD6-90AD-F5DA514A6E31}
	EndGlobalSection
	GlobalSection(ExtensibilityGlobals) = postSolution
		SolutionGuid = {BF8AB1DC-CC17-4EF7-8049-299049906AF4}
	EndGlobalSection
EndGlobal
